// !$*UTF8*$!
{
	archiveVersion = 1;
	classes = {
	};
	objectVersion = 77;
	objects = {

/* Begin PBXBuildFile section */
		3D0021ED15DA74F7D6D9C35C /* Pods_BilisPera.framework in Frameworks */ = {isa = PBXBuildFile; fileRef = 33977992C62CBA7AF3E149D2 /* Pods_BilisPera.framework */; };
		C58731BD2E4448DC007CEB8A /* CoreTelephony.framework in Frameworks */ = {isa = PBXBuildFile; fileRef = C58731BC2E4448DC007CEB8A /* CoreTelephony.framework */; };
		C58731BF2E4448E5007CEB8A /* SystemConfiguration.framework in Frameworks */ = {isa = PBXBuildFile; fileRef = C58731BE2E4448E5007CEB8A /* SystemConfiguration.framework */; };
/* End PBXBuildFile section */

/* Begin PBXFileReference section */
		06FD5B460B987F2412AF738C /* Pods-BilisPera.release.xcconfig */ = {isa = PBXFileReference; includeInIndex = 1; lastKnownFileType = text.xcconfig; name = "Pods-BilisPera.release.xcconfig"; path = "Target Support Files/Pods-BilisPera/Pods-BilisPera.release.xcconfig"; sourceTree = "<group>"; };
		1816BEB93278022A042FEFEC /* Pods-BilisPera.debug.xcconfig */ = {isa = PBXFileReference; includeInIndex = 1; lastKnownFileType = text.xcconfig; name = "Pods-BilisPera.debug.xcconfig"; path = "Target Support Files/Pods-BilisPera/Pods-BilisPera.debug.xcconfig"; sourceTree = "<group>"; };
		33977992C62CBA7AF3E149D2 /* Pods_BilisPera.framework */ = {isa = PBXFileReference; explicitFileType = wrapper.framework; includeInIndex = 0; path = Pods_BilisPera.framework; sourceTree = BUILT_PRODUCTS_DIR; };
		C58731BC2E4448DC007CEB8A /* CoreTelephony.framework */ = {isa = PBXFileReference; lastKnownFileType = wrapper.framework; name = CoreTelephony.framework; path = System/Library/Frameworks/CoreTelephony.framework; sourceTree = SDKROOT; };
		C58731BE2E4448E5007CEB8A /* SystemConfiguration.framework */ = {isa = PBXFileReference; lastKnownFileType = wrapper.framework; name = SystemConfiguration.framework; path = System/Library/Frameworks/SystemConfiguration.framework; sourceTree = SDKROOT; };
		C5A139A32E41EC5C00A8D049 /* BilisPera.app */ = {isa = PBXFileReference; explicitFileType = wrapper.application; includeInIndex = 0; path = BilisPera.app; sourceTree = BUILT_PRODUCTS_DIR; };
/* End PBXFileReference section */

/* Begin PBXFileSystemSynchronizedBuildFileExceptionSet section */
		C5A139BA2E41EC5E00A8D049 /* Exceptions for "BilisPera" folder in "BilisPera" target */ = {
			isa = PBXFileSystemSynchronizedBuildFileExceptionSet;
			membershipExceptions = (
				Info.plist,
			);
			target = C5A139A22E41EC5C00A8D049 /* BilisPera */;
		};
/* End PBXFileSystemSynchronizedBuildFileExceptionSet section */

/* Begin PBXFileSystemSynchronizedRootGroup section */
		C5A139A52E41EC5C00A8D049 /* BilisPera */ = {
			isa = PBXFileSystemSynchronizedRootGroup;
			exceptions = (
				C5A139BA2E41EC5E00A8D049 /* Exceptions for "BilisPera" folder in "BilisPera" target */,
			);
			path = BilisPera;
			sourceTree = "<group>";
		};
/* End PBXFileSystemSynchronizedRootGroup section */

/* Begin PBXFrameworksBuildPhase section */
		C5A139A02E41EC5C00A8D049 /* Frameworks */ = {
			isa = PBXFrameworksBuildPhase;
			buildActionMask = 2147483647;
			files = (
				C58731BD2E4448DC007CEB8A /* CoreTelephony.framework in Frameworks */,
				C58731BF2E4448E5007CEB8A /* SystemConfiguration.framework in Frameworks */,
				3D0021ED15DA74F7D6D9C35C /* Pods_BilisPera.framework in Frameworks */,
			);
			runOnlyForDeploymentPostprocessing = 0;
		};
/* End PBXFrameworksBuildPhase section */

/* Begin PBXGroup section */
		68A607225EA0E67699D0663B /* Pods */ = {
			isa = PBXGroup;
			children = (
				1816BEB93278022A042FEFEC /* Pods-BilisPera.debug.xcconfig */,
				06FD5B460B987F2412AF738C /* Pods-BilisPera.release.xcconfig */,
			);
			path = Pods;
			sourceTree = "<group>";
		};
		C5A1399A2E41EC5C00A8D049 = {
			isa = PBXGroup;
			children = (
				C5A139A52E41EC5C00A8D049 /* BilisPera */,
				C5A139A42E41EC5C00A8D049 /* Products */,
				68A607225EA0E67699D0663B /* Pods */,
				E2AF7E51AE7DDFB4FC4AF574 /* Frameworks */,
			);
			sourceTree = "<group>";
		};
		C5A139A42E41EC5C00A8D049 /* Products */ = {
			isa = PBXGroup;
			children = (
				C5A139A32E41EC5C00A8D049 /* BilisPera.app */,
			);
			name = Products;
			sourceTree = "<group>";
		};
		E2AF7E51AE7DDFB4FC4AF574 /* Frameworks */ = {
			isa = PBXGroup;
			children = (
				C58731BE2E4448E5007CEB8A /* SystemConfiguration.framework */,
				C58731BC2E4448DC007CEB8A /* CoreTelephony.framework */,
				33977992C62CBA7AF3E149D2 /* Pods_BilisPera.framework */,
			);
			name = Frameworks;
			sourceTree = "<group>";
		};
/* End PBXGroup section */

/* Begin PBXNativeTarget section */
		C5A139A22E41EC5C00A8D049 /* BilisPera */ = {
			isa = PBXNativeTarget;
			buildConfigurationList = C5A139BB2E41EC5E00A8D049 /* Build configuration list for PBXNativeTarget "BilisPera" */;
			buildPhases = (
				E0BCF43A3E07AFD5BE26F47C /* [CP] Check Pods Manifest.lock */,
				C5A1399F2E41EC5C00A8D049 /* Sources */,
				C5A139A02E41EC5C00A8D049 /* Frameworks */,
				C5A139A12E41EC5C00A8D049 /* Resources */,
				DC10B0808BD82C73FE135E42 /* [CP] Embed Pods Frameworks */,
			);
			buildRules = (
			);
			dependencies = (
			);
			fileSystemSynchronizedGroups = (
				C5A139A52E41EC5C00A8D049 /* BilisPera */,
			);
			name = BilisPera;
			productName = BilisPera;
			productReference = C5A139A32E41EC5C00A8D049 /* BilisPera.app */;
			productType = "com.apple.product-type.application";
		};
/* End PBXNativeTarget section */

/* Begin PBXProject section */
		C5A1399B2E41EC5C00A8D049 /* Project object */ = {
			isa = PBXProject;
			attributes = {
				BuildIndependentTargetsInParallel = 1;
				LastUpgradeCheck = 1640;
				TargetAttributes = {
					C5A139A22E41EC5C00A8D049 = {
						CreatedOnToolsVersion = 16.4;
						LastSwiftMigration = 1640;
					};
				};
			};
			buildConfigurationList = C5A1399E2E41EC5C00A8D049 /* Build configuration list for PBXProject "BilisPera" */;
			developmentRegion = en;
			hasScannedForEncodings = 0;
			knownRegions = (
				en,
				Base,
			);
			mainGroup = C5A1399A2E41EC5C00A8D049;
			minimizedProjectReferenceProxies = 1;
			preferredProjectObjectVersion = 77;
			productRefGroup = C5A139A42E41EC5C00A8D049 /* Products */;
			projectDirPath = "";
			projectRoot = "";
			targets = (
				C5A139A22E41EC5C00A8D049 /* BilisPera */,
			);
		};
/* End PBXProject section */

/* Begin PBXResourcesBuildPhase section */
		C5A139A12E41EC5C00A8D049 /* Resources */ = {
			isa = PBXResourcesBuildPhase;
			buildActionMask = 2147483647;
			files = (
			);
			runOnlyForDeploymentPostprocessing = 0;
		};
/* End PBXResourcesBuildPhase section */

/* Begin PBXShellScriptBuildPhase section */
		DC10B0808BD82C73FE135E42 /* [CP] Embed Pods Frameworks */ = {
			isa = PBXShellScriptBuildPhase;
			buildActionMask = 2147483647;
			files = (
			);
			inputFileListPaths = (
				"${PODS_ROOT}/Target Support Files/Pods-BilisPera/Pods-BilisPera-frameworks-${CONFIGURATION}-input-files.xcfilelist",
			);
			name = "[CP] Embed Pods Frameworks";
			outputFileListPaths = (
				"${PODS_ROOT}/Target Support Files/Pods-BilisPera/Pods-BilisPera-frameworks-${CONFIGURATION}-output-files.xcfilelist",
			);
			runOnlyForDeploymentPostprocessing = 0;
			shellPath = /bin/sh;
			shellScript = "\"${PODS_ROOT}/Target Support Files/Pods-BilisPera/Pods-BilisPera-frameworks.sh\"\n";
			showEnvVarsInLog = 0;
		};
		E0BCF43A3E07AFD5BE26F47C /* [CP] Check Pods Manifest.lock */ = {
			isa = PBXShellScriptBuildPhase;
			buildActionMask = 2147483647;
			files = (
			);
			inputFileListPaths = (
			);
			inputPaths = (
				"${PODS_PODFILE_DIR_PATH}/Podfile.lock",
				"${PODS_ROOT}/Manifest.lock",
			);
			name = "[CP] Check Pods Manifest.lock";
			outputFileListPaths = (
			);
			outputPaths = (
				"$(DERIVED_FILE_DIR)/Pods-BilisPera-checkManifestLockResult.txt",
			);
			runOnlyForDeploymentPostprocessing = 0;
			shellPath = /bin/sh;
			shellScript = "diff \"${PODS_PODFILE_DIR_PATH}/Podfile.lock\" \"${PODS_ROOT}/Manifest.lock\" > /dev/null\nif [ $? != 0 ] ; then\n    # print error to STDERR\n    echo \"error: The sandbox is not in sync with the Podfile.lock. Run 'pod install' or update your CocoaPods installation.\" >&2\n    exit 1\nfi\n# This output is used by Xcode 'outputs' to avoid re-running this script phase.\necho \"SUCCESS\" > \"${SCRIPT_OUTPUT_FILE_0}\"\n";
			showEnvVarsInLog = 0;
		};
/* End PBXShellScriptBuildPhase section */

/* Begin PBXSourcesBuildPhase section */
		C5A1399F2E41EC5C00A8D049 /* Sources */ = {
			isa = PBXSourcesBuildPhase;
			buildActionMask = 2147483647;
			files = (
			);
			runOnlyForDeploymentPostprocessing = 0;
		};
/* End PBXSourcesBuildPhase section */

/* Begin XCBuildConfiguration section */
		C5A139BC2E41EC5E00A8D049 /* Debug */ = {
			isa = XCBuildConfiguration;
			baseConfigurationReference = 1816BEB93278022A042FEFEC /* Pods-BilisPera.debug.xcconfig */;
			buildSettings = {
				ASSETCATALOG_COMPILER_APPICON_NAME = AppIcon;
				ASSETCATALOG_COMPILER_GLOBAL_ACCENT_COLOR_NAME = AccentColor;
				CLANG_ENABLE_MODULES = YES;
				CODE_SIGN_STYLE = Automatic;
				CURRENT_PROJECT_VERSION = 1;
				DEFINES_MODULE = YES;
				DEVELOPMENT_TEAM = CSU8886E2P;
				ENABLE_USER_SCRIPT_SANDBOXING = NO;
				GCC_PREFIX_HEADER = "$(SRCROOT)/BilisPera/Constants/BilisPeraHeader.h";
				GENERATE_INFOPLIST_FILE = YES;
				INFOPLIST_FILE = BilisPera/Info.plist;
				INFOPLIST_KEY_CFBundleDisplayName = BilisPera;
				INFOPLIST_KEY_NSCameraUsageDescription = "Camera access is needed to securely capture your ID for verification.";
				INFOPLIST_KEY_NSContactsUsageDescription = "Contact access is required to verify your identity and protect your Bilis Pera account. This security measure helps prevent fraud while expediting your loan application.";
				INFOPLIST_KEY_NSLocationAlwaysUsageDescription = "To confirm service availability and enhance your loan experience, Bilis Pera requires access to your location information. This helps us verify service coverage while providing personalized loan services.";
				INFOPLIST_KEY_NSPhotoLibraryUsageDescription = "Album permission is required to securely access your ID for verification.";
				INFOPLIST_KEY_NSUserTrackingUsageDescription = "To ensure your account security, Bilis Pera requires access to your ad tracking permission. Additionally, with this permission, we can offer you more tailored and personalized loan information that better meets your needs, significantly enhancing your overall service experience.";
				INFOPLIST_KEY_UIApplicationSupportsIndirectInputEvents = YES;
				INFOPLIST_KEY_UILaunchStoryboardName = LaunchScreen;
				INFOPLIST_KEY_UISupportedInterfaceOrientations_iPad = "UIInterfaceOrientationPortrait UIInterfaceOrientationPortraitUpsideDown UIInterfaceOrientationLandscapeLeft UIInterfaceOrientationLandscapeRight";
				INFOPLIST_KEY_UISupportedInterfaceOrientations_iPhone = "UIInterfaceOrientationPortrait UIInterfaceOrientationLandscapeLeft UIInterfaceOrientationLandscapeRight";
				IPHONEOS_DEPLOYMENT_TARGET = 14;
				LD_RUNPATH_SEARCH_PATHS = (
					"$(inherited)",
					"@executable_path/Frameworks",
				);
				MARKETING_VERSION = 1.0;
				PRODUCT_BUNDLE_IDENTIFIER = HJ.BilisPera;
				PRODUCT_NAME = "$(TARGET_NAME)";
				SUPPORTED_PLATFORMS = "iphoneos iphonesimulator";
				SUPPORTS_MACCATALYST = NO;
				SUPPORTS_MAC_DESIGNED_FOR_IPHONE_IPAD = NO;
				SUPPORTS_XR_DESIGNED_FOR_IPHONE_IPAD = NO;
				SWIFT_EMIT_LOC_STRINGS = YES;
				SWIFT_OBJC_BRIDGING_HEADER = "BilisPera/BilisPera-Bridging-Header.h";
				SWIFT_OPTIMIZATION_LEVEL = "-Onone";
				SWIFT_VERSION = 6.0;
				TARGETED_DEVICE_FAMILY = 1;
			};
			name = Debug;
		};
		C5A139BD2E41EC5E00A8D049 /* Release */ = {
			isa = XCBuildConfiguration;
			baseConfigurationReference = 06FD5B460B987F2412AF738C /* Pods-BilisPera.release.xcconfig */;
			buildSettings = {
				ASSETCATALOG_COMPILER_APPICON_NAME = AppIcon;
				ASSETCATALOG_COMPILER_GLOBAL_ACCENT_COLOR_NAME = AccentColor;
				CLANG_ENABLE_MODULES = YES;
				CODE_SIGN_STYLE = Automatic;
				CURRENT_PROJECT_VERSION = 1;
				DEFINES_MODULE = YES;
				DEVELOPMENT_TEAM = CSU8886E2P;
				ENABLE_USER_SCRIPT_SANDBOXING = NO;
				GCC_PREFIX_HEADER = "$(SRCROOT)/BilisPera/Constants/BilisPeraHeader.h";
				GENERATE_INFOPLIST_FILE = YES;
				INFOPLIST_FILE = BilisPera/Info.plist;
				INFOPLIST_KEY_CFBundleDisplayName = BilisPera;
				INFOPLIST_KEY_NSCameraUsageDescription = "Camera access is needed to securely capture your ID for verification.";
				INFOPLIST_KEY_NSContactsUsageDescription = "Contact access is required to verify your identity and protect your Bilis Pera account. This security measure helps prevent fraud while expediting your loan application.";
				INFOPLIST_KEY_NSLocationAlwaysUsageDescription = "To confirm service availability and enhance your loan experience, Bilis Pera requires access to your location information. This helps us verify service coverage while providing personalized loan services.";
				INFOPLIST_KEY_NSPhotoLibraryUsageDescription = "Album permission is required to securely access your ID for verification.";
				INFOPLIST_KEY_NSUserTrackingUsageDescription = "To ensure your account security, Bilis Pera requires access to your ad tracking permission. Additionally, with this permission, we can offer you more tailored and personalized loan information that better meets your needs, significantly enhancing your overall service experience.";
				INFOPLIST_KEY_UIApplicationSupportsIndirectInputEvents = YES;
				INFOPLIST_KEY_UILaunchStoryboardName = LaunchScreen;
				INFOPLIST_KEY_UISupportedInterfaceOrientations_iPad = "UIInterfaceOrientationPortrait UIInterfaceOrientationPortraitUpsideDown UIInterfaceOrientationLandscapeLeft UIInterfaceOrientationLandscapeRight";
				INFOPLIST_KEY_UISupportedInterfaceOrientations_iPhone = "UIInterfaceOrientationPortrait UIInterfaceOrientationLandscapeLeft UIInterfaceOrientationLandscapeRight";
				IPHONEOS_DEPLOYMENT_TARGET = 14;
				LD_RUNPATH_SEARCH_PATHS = (
					"$(inherited)",
					"@executable_path/Frameworks",
				);
				MARKETING_VERSION = 1.0;
				PRODUCT_BUNDLE_IDENTIFIER = HJ.BilisPera;
				PRODUCT_NAME = "$(TARGET_NAME)";
				SUPPORTED_PLATFORMS = "iphoneos iphonesimulator";
				SUPPORTS_MACCATALYST = NO;
				SUPPORTS_MAC_DESIGNED_FOR_IPHONE_IPAD = NO;
				SUPPORTS_XR_DESIGNED_FOR_IPHONE_IPAD = NO;
				SWIFT_EMIT_LOC_STRINGS = YES;
				SWIFT_OBJC_BRIDGING_HEADER = "BilisPera/BilisPera-Bridging-Header.h";
				SWIFT_VERSION = 6.0;
				TARGETED_DEVICE_FAMILY = 1;
			};
			name = Release;
		};
		C5A139BE2E41EC5E00A8D049 /* Debug */ = {
			isa = XCBuildConfiguration;
			buildSettings = {
				ALWAYS_SEARCH_USER_PATHS = NO;
				ASSETCATALOG_COMPILER_GENERATE_SWIFT_ASSET_SYMBOL_EXTENSIONS = YES;
				CLANG_ANALYZER_NONNULL = YES;
				CLANG_ANALYZER_NUMBER_OBJECT_CONVERSION = YES_AGGRESSIVE;
				CLANG_CXX_LANGUAGE_STANDARD = "gnu++20";
				CLANG_ENABLE_MODULES = YES;
				CLANG_ENABLE_OBJC_ARC = YES;
				CLANG_ENABLE_OBJC_WEAK = YES;
				CLANG_WARN_BLOCK_CAPTURE_AUTORELEASING = YES;
				CLANG_WARN_BOOL_CONVERSION = YES;
				CLANG_WARN_COMMA = YES;
				CLANG_WARN_CONSTANT_CONVERSION = YES;
				CLANG_WARN_DEPRECATED_OBJC_IMPLEMENTATIONS = YES;
				CLANG_WARN_DIRECT_OBJC_ISA_USAGE = YES_ERROR;
				CLANG_WARN_DOCUMENTATION_COMMENTS = YES;
				CLANG_WARN_EMPTY_BODY = YES;
				CLANG_WARN_ENUM_CONVERSION = YES;
				CLANG_WARN_INFINITE_RECURSION = YES;
				CLANG_WARN_INT_CONVERSION = YES;
				CLANG_WARN_NON_LITERAL_NULL_CONVERSION = YES;
				CLANG_WARN_OBJC_IMPLICIT_RETAIN_SELF = YES;
				CLANG_WARN_OBJC_LITERAL_CONVERSION = YES;
				CLANG_WARN_OBJC_ROOT_CLASS = YES_ERROR;
				CLANG_WARN_QUOTED_INCLUDE_IN_FRAMEWORK_HEADER = YES;
				CLANG_WARN_RANGE_LOOP_ANALYSIS = YES;
				CLANG_WARN_STRICT_PROTOTYPES = YES;
				CLANG_WARN_SUSPICIOUS_MOVE = YES;
				CLANG_WARN_UNGUARDED_AVAILABILITY = YES_AGGRESSIVE;
				CLANG_WARN_UNREACHABLE_CODE = YES;
				CLANG_WARN__DUPLICATE_METHOD_MATCH = YES;
				COPY_PHASE_STRIP = NO;
				DEBUG_INFORMATION_FORMAT = dwarf;
				ENABLE_STRICT_OBJC_MSGSEND = YES;
				ENABLE_TESTABILITY = YES;
				ENABLE_USER_SCRIPT_SANDBOXING = YES;
				GCC_C_LANGUAGE_STANDARD = gnu17;
				GCC_DYNAMIC_NO_PIC = NO;
				GCC_NO_COMMON_BLOCKS = YES;
				GCC_OPTIMIZATION_LEVEL = 0;
				GCC_PREPROCESSOR_DEFINITIONS = (
					"DEBUG=1",
					"$(inherited)",
				);
				GCC_WARN_64_TO_32_BIT_CONVERSION = YES;
				GCC_WARN_ABOUT_RETURN_TYPE = YES_ERROR;
				GCC_WARN_UNDECLARED_SELECTOR = YES;
				GCC_WARN_UNINITIALIZED_AUTOS = YES_AGGRESSIVE;
				GCC_WARN_UNUSED_FUNCTION = YES;
				GCC_WARN_UNUSED_VARIABLE = YES;
				IPHONEOS_DEPLOYMENT_TARGET = 18.5;
				LOCALIZATION_PREFERS_STRING_CATALOGS = YES;
				MTL_ENABLE_DEBUG_INFO = INCLUDE_SOURCE;
				MTL_FAST_MATH = YES;
				ONLY_ACTIVE_ARCH = YES;
				SDKROOT = iphoneos;
			};
			name = Debug;
		};
		C5A139BF2E41EC5E00A8D049 /* Release */ = {
			isa = XCBuildConfiguration;
			buildSettings = {
				ALWAYS_SEARCH_USER_PATHS = NO;
				ASSETCATALOG_COMPILER_GENERATE_SWIFT_ASSET_SYMBOL_EXTENSIONS = YES;
				CLANG_ANALYZER_NONNULL = YES;
				CLANG_ANALYZER_NUMBER_OBJECT_CONVERSION = YES_AGGRESSIVE;
				CLANG_CXX_LANGUAGE_STANDARD = "gnu++20";
				CLANG_ENABLE_MODULES = YES;
				CLANG_ENABLE_OBJC_ARC = YES;
				CLANG_ENABLE_OBJC_WEAK = YES;
				CLANG_WARN_BLOCK_CAPTURE_AUTORELEASING = YES;
				CLANG_WARN_BOOL_CONVERSION = YES;
				CLANG_WARN_COMMA = YES;
				CLANG_WARN_CONSTANT_CONVERSION = YES;
				CLANG_WARN_DEPRECATED_OBJC_IMPLEMENTATIONS = YES;
				CLANG_WARN_DIRECT_OBJC_ISA_USAGE = YES_ERROR;
				CLANG_WARN_DOCUMENTATION_COMMENTS = YES;
				CLANG_WARN_EMPTY_BODY = YES;
				CLANG_WARN_ENUM_CONVERSION = YES;
				CLANG_WARN_INFINITE_RECURSION = YES;
				CLANG_WARN_INT_CONVERSION = YES;
				CLANG_WARN_NON_LITERAL_NULL_CONVERSION = YES;
				CLANG_WARN_OBJC_IMPLICIT_RETAIN_SELF = YES;
				CLANG_WARN_OBJC_LITERAL_CONVERSION = YES;
				CLANG_WARN_OBJC_ROOT_CLASS = YES_ERROR;
				CLANG_WARN_QUOTED_INCLUDE_IN_FRAMEWORK_HEADER = YES;
				CLANG_WARN_RANGE_LOOP_ANALYSIS = YES;
				CLANG_WARN_STRICT_PROTOTYPES = YES;
				CLANG_WARN_SUSPICIOUS_MOVE = YES;
				CLANG_WARN_UNGUARDED_AVAILABILITY = YES_AGGRESSIVE;
				CLANG_WARN_UNREACHABLE_CODE = YES;
				CLANG_WARN__DUPLICATE_METHOD_MATCH = YES;
				COPY_PHASE_STRIP = NO;
				DEBUG_INFORMATION_FORMAT = "dwarf-with-dsym";
				ENABLE_NS_ASSERTIONS = NO;
				ENABLE_STRICT_OBJC_MSGSEND = YES;
				ENABLE_USER_SCRIPT_SANDBOXING = YES;
				GCC_C_LANGUAGE_STANDARD = gnu17;
				GCC_NO_COMMON_BLOCKS = YES;
				GCC_WARN_64_TO_32_BIT_CONVERSION = YES;
				GCC_WARN_ABOUT_RETURN_TYPE = YES_ERROR;
				GCC_WARN_UNDECLARED_SELECTOR = YES;
				GCC_WARN_UNINITIALIZED_AUTOS = YES_AGGRESSIVE;
				GCC_WARN_UNUSED_FUNCTION = YES;
				GCC_WARN_UNUSED_VARIABLE = YES;
				IPHONEOS_DEPLOYMENT_TARGET = 18.5;
				LOCALIZATION_PREFERS_STRING_CATALOGS = YES;
				MTL_ENABLE_DEBUG_INFO = NO;
				MTL_FAST_MATH = YES;
				SDKROOT = iphoneos;
				VALIDATE_PRODUCT = YES;
			};
			name = Release;
		};
/* End XCBuildConfiguration section */

/* Begin XCConfigurationList section */
		C5A1399E2E41EC5C00A8D049 /* Build configuration list for PBXProject "BilisPera" */ = {
			isa = XCConfigurationList;
			buildConfigurations = (
				C5A139BE2E41EC5E00A8D049 /* Debug */,
				C5A139BF2E41EC5E00A8D049 /* Release */,
			);
			defaultConfigurationIsVisible = 0;
			defaultConfigurationName = Release;
		};
		C5A139BB2E41EC5E00A8D049 /* Build configuration list for PBXNativeTarget "BilisPera" */ = {
			isa = XCConfigurationList;
			buildConfigurations = (
				C5A139BC2E41EC5E00A8D049 /* Debug */,
				C5A139BD2E41EC5E00A8D049 /* Release */,
			);
			defaultConfigurationIsVisible = 0;
			defaultConfigurationName = Release;
		};
/* End XCConfigurationList section */
	};
	rootObject = C5A1399B2E41EC5C00A8D049 /* Project object */;
}
